# This file is autogenerated, do not edit; changes may be undone by the next 'dep ensure'.


[[projects]]
  branch = "master"
  name = "github.com/sgoodliff/hello"
  packages = ["."]
  revision = "8932dfe1d5c8eea12a90372a7fbd0ecf003afb71"

[solve-meta]
  analyzer-name = "dep"
  analyzer-version = 1
  inputs-digest = "6dda957f0e2bf00b9eda742e8d4e4060994339135405cbec6cabe6b3b168d905"
  solver-name = "gps-cdcl"
  solver-version = 1
